
Microsoft Visual Studio Solution File, Format Version 12.00
# Visual Studio Version 17
VisualStudioVersion = 17.6.33801.468
MinimumVisualStudioVersion = 10.0.40219.1
Project("{FAE04EC0-301F-11D3-BF4B-00C04F79EFBC}") = "Fabbies", "Fabbies\Fabbies.csproj", "{75A06A23-DE1D-422D-8984-016823A2A116}"
EndProject
Global
	GlobalSection(SolutionConfigurationPlatforms) = preSolution
		Debug|Any CPU = Debug|Any CPU
		Release|Any CPU = Release|Any CPU
	EndGlobalSection
	GlobalSection(ProjectConfigurationPlatforms) = postSolution
		{75A06A23-DE1D-422D-8984-016823A2A116}.Debug|Any CPU.ActiveCfg = Debug|Any CPU
		{75A06A23-DE1D-422D-8984-016823A2A116}.Debug|Any CPU.Build.0 = Debug|Any CPU
		{75A06A23-DE1D-422D-8984-016823A2A116}.Release|Any CPU.ActiveCfg = Release|Any CPU
		{75A06A23-DE1D-422D-8984-016823A2A116}.Release|Any CPU.Build.0 = Release|Any CPU
	EndGlobalSection
	GlobalSection(SolutionProperties) = preSolution
		HideSolutionNode = FALSE
	EndGlobalSection
	GlobalSection(ExtensibilityGlobals) = postSolution
		SolutionGuid = {D693E9B9-02CC-4BDE-A207-CA703A5B8928}
	EndGlobalSection
EndGlobal
